PODS:
  - CocoaLumberjack/Default (3.3.0)
  - CocoaLumberjack/Swift (3.3.0):
    - CocoaLumberjack/Default
  - Eureka (4.1.1)
  - iOSKit (0.1.0):
    - iOSKit/Core (= 0.1.0)
  - iOSKit/Core (0.1.0):
    - JacKit
    - RxCocoa
    - RxSwift
  - JacKit (1.0.0-beta1):
    - CocoaLumberjack/Swift (~> 3.3.0)
  - RxCocoa (4.1.2):
    - RxSwift (~> 4.0)
  - RxSwift (4.1.2)

DEPENDENCIES:
  - Eureka
  - iOSKit (from `../`)
  - JacKit (from `../../JacKit/`)

EXTERNAL SOURCES:
  iOSKit:
    :path: ../
  JacKit:
    :path: ../../JacKit/

SPEC CHECKSUMS:
  CocoaLumberjack: 3c8c74683302f9012bb168e1c4b7ae3c0b558431
  Eureka: b88fb930e42c79f8c03c373d0fcdc28c1d6c50ed
  iOSKit: 18f65cad34961746ab111096f08fc84b4dbe72f9
  JacKit: de46ba528274b33323f5f6c646ecae52c91e9711
  RxCocoa: d88ba0f1f6abf040011a9eb4b539324fc426843a
  RxSwift: e49536837d9901277638493ea537394d4b55f570

PODFILE CHECKSUM: 303596461c039b5e1a7f15b5d96e5fdcf78b2d7e

COCOAPODS: 1.3.1
